// !$*UTF8*$!
{
	archiveVersion = 1;
	classes = {
	};
	objectVersion = 48;
	objects = {

/* Begin PBXBuildFile section */
		6CD6978D1FA9A25900E9EFC0 /* LXMineViewController.swift in Sources */ = {isa = PBXBuildFile; fileRef = 6CD697891FA9A25900E9EFC0 /* LXMineViewController.swift */; };
		6CD697931FA9A26700E9EFC0 /* LXMessageViewController.swift in Sources */ = {isa = PBXBuildFile; fileRef = 6CD6978F1FA9A26700E9EFC0 /* LXMessageViewController.swift */; };
		6CD697991FA9A27A00E9EFC0 /* LXHomePageViewController.swift in Sources */ = {isa = PBXBuildFile; fileRef = 6CD697961FA9A27A00E9EFC0 /* LXHomePageViewController.swift */; };
		6CD6979F1FA9A28600E9EFC0 /* LXAddressBookViewController.swift in Sources */ = {isa = PBXBuildFile; fileRef = 6CD6979B1FA9A28600E9EFC0 /* LXAddressBookViewController.swift */; };
		6CDAA2661FA85ECC00E48D04 /* AppDelegate.swift in Sources */ = {isa = PBXBuildFile; fileRef = 6CDAA2651FA85ECC00E48D04 /* AppDelegate.swift */; };
		6CDAA26D1FA85ECC00E48D04 /* Assets.xcassets in Resources */ = {isa = PBXBuildFile; fileRef = 6CDAA26C1FA85ECC00E48D04 /* Assets.xcassets */; };
		6CDAA2701FA85ECC00E48D04 /* LaunchScreen.storyboard in Resources */ = {isa = PBXBuildFile; fileRef = 6CDAA26E1FA85ECC00E48D04 /* LaunchScreen.storyboard */; };
		6CDAA2901FA85F2000E48D04 /* LXBaseViewController.swift in Sources */ = {isa = PBXBuildFile; fileRef = 6CDAA27D1FA85F2000E48D04 /* LXBaseViewController.swift */; };
		6CDAA2911FA85F2000E48D04 /* LXMainNavgationController.swift in Sources */ = {isa = PBXBuildFile; fileRef = 6CDAA27E1FA85F2000E48D04 /* LXMainNavgationController.swift */; };
		6CDAA2921FA85F2000E48D04 /* LXMainTabBarController.swift in Sources */ = {isa = PBXBuildFile; fileRef = 6CDAA27F1FA85F2000E48D04 /* LXMainTabBarController.swift */; };
		6CDAA2951FA85F2000E48D04 /* UIColor+LXExtension.m in Sources */ = {isa = PBXBuildFile; fileRef = 6CDAA28C1FA85F2000E48D04 /* UIColor+LXExtension.m */; };
		703D0E1D68CB224658CF40D8 /* Pods_LXStudent.framework in Frameworks */ = {isa = PBXBuildFile; fileRef = 388F9EBCF44A7CA494671FC3 /* Pods_LXStudent.framework */; };
/* End PBXBuildFile section */

/* Begin PBXFileReference section */
		388F9EBCF44A7CA494671FC3 /* Pods_LXStudent.framework */ = {isa = PBXFileReference; explicitFileType = wrapper.framework; includeInIndex = 0; path = Pods_LXStudent.framework; sourceTree = BUILT_PRODUCTS_DIR; };
		6CD697891FA9A25900E9EFC0 /* LXMineViewController.swift */ = {isa = PBXFileReference; fileEncoding = 4; lastKnownFileType = sourcecode.swift; path = LXMineViewController.swift; sourceTree = "<group>"; };
		6CD6978F1FA9A26700E9EFC0 /* LXMessageViewController.swift */ = {isa = PBXFileReference; fileEncoding = 4; lastKnownFileType = sourcecode.swift; path = LXMessageViewController.swift; sourceTree = "<group>"; };
		6CD697961FA9A27A00E9EFC0 /* LXHomePageViewController.swift */ = {isa = PBXFileReference; fileEncoding = 4; lastKnownFileType = sourcecode.swift; path = LXHomePageViewController.swift; sourceTree = "<group>"; };
		6CD6979B1FA9A28600E9EFC0 /* LXAddressBookViewController.swift */ = {isa = PBXFileReference; fileEncoding = 4; lastKnownFileType = sourcecode.swift; path = LXAddressBookViewController.swift; sourceTree = "<group>"; };
		6CDAA2621FA85ECC00E48D04 /* LXStudent.app */ = {isa = PBXFileReference; explicitFileType = wrapper.application; includeInIndex = 0; path = LXStudent.app; sourceTree = BUILT_PRODUCTS_DIR; };
		6CDAA2651FA85ECC00E48D04 /* AppDelegate.swift */ = {isa = PBXFileReference; lastKnownFileType = sourcecode.swift; path = AppDelegate.swift; sourceTree = "<group>"; };
		6CDAA26C1FA85ECC00E48D04 /* Assets.xcassets */ = {isa = PBXFileReference; lastKnownFileType = folder.assetcatalog; path = Assets.xcassets; sourceTree = "<group>"; };
		6CDAA26F1FA85ECC00E48D04 /* Base */ = {isa = PBXFileReference; lastKnownFileType = file.storyboard; name = Base; path = Base.lproj/LaunchScreen.storyboard; sourceTree = "<group>"; };
		6CDAA2711FA85ECC00E48D04 /* Info.plist */ = {isa = PBXFileReference; lastKnownFileType = text.plist.xml; path = Info.plist; sourceTree = "<group>"; };
		6CDAA27D1FA85F2000E48D04 /* LXBaseViewController.swift */ = {isa = PBXFileReference; fileEncoding = 4; lastKnownFileType = sourcecode.swift; path = LXBaseViewController.swift; sourceTree = "<group>"; };
		6CDAA27E1FA85F2000E48D04 /* LXMainNavgationController.swift */ = {isa = PBXFileReference; fileEncoding = 4; lastKnownFileType = sourcecode.swift; path = LXMainNavgationController.swift; sourceTree = "<group>"; };
		6CDAA27F1FA85F2000E48D04 /* LXMainTabBarController.swift */ = {isa = PBXFileReference; fileEncoding = 4; lastKnownFileType = sourcecode.swift; path = LXMainTabBarController.swift; sourceTree = "<group>"; };
		6CDAA2851FA85F2000E48D04 /* BridgeFile.h */ = {isa = PBXFileReference; fileEncoding = 4; lastKnownFileType = sourcecode.c.h; path = BridgeFile.h; sourceTree = "<group>"; };
		6CDAA2881FA85F2000E48D04 /* Header.h */ = {isa = PBXFileReference; fileEncoding = 4; lastKnownFileType = sourcecode.c.h; path = Header.h; sourceTree = "<group>"; };
		6CDAA28B1FA85F2000E48D04 /* UIColor+LXExtension.h */ = {isa = PBXFileReference; fileEncoding = 4; lastKnownFileType = sourcecode.c.h; path = "UIColor+LXExtension.h"; sourceTree = "<group>"; };
		6CDAA28C1FA85F2000E48D04 /* UIColor+LXExtension.m */ = {isa = PBXFileReference; fileEncoding = 4; lastKnownFileType = sourcecode.c.objc; path = "UIColor+LXExtension.m"; sourceTree = "<group>"; };
		906C0EDBBC6D344D8FDCA7F8 /* Pods-LXStudent.debug.xcconfig */ = {isa = PBXFileReference; includeInIndex = 1; lastKnownFileType = text.xcconfig; name = "Pods-LXStudent.debug.xcconfig"; path = "Pods/Target Support Files/Pods-LXStudent/Pods-LXStudent.debug.xcconfig"; sourceTree = "<group>"; };
		F118F221FC7986A79EA91C75 /* Pods-LXStudent.release.xcconfig */ = {isa = PBXFileReference; includeInIndex = 1; lastKnownFileType = text.xcconfig; name = "Pods-LXStudent.release.xcconfig"; path = "Pods/Target Support Files/Pods-LXStudent/Pods-LXStudent.release.xcconfig"; sourceTree = "<group>"; };
/* End PBXFileReference section */

/* Begin PBXFrameworksBuildPhase section */
		6CDAA25F1FA85ECC00E48D04 /* Frameworks */ = {
			isa = PBXFrameworksBuildPhase;
			buildActionMask = 2147483647;
			files = (
				703D0E1D68CB224658CF40D8 /* Pods_LXStudent.framework in Frameworks */,
			);
			runOnlyForDeploymentPostprocessing = 0;
		};
/* End PBXFrameworksBuildPhase section */

/* Begin PBXGroup section */
		102D36FC61755431A29C3105 /* Pods */ = {
			isa = PBXGroup;
			children = (
				906C0EDBBC6D344D8FDCA7F8 /* Pods-LXStudent.debug.xcconfig */,
				F118F221FC7986A79EA91C75 /* Pods-LXStudent.release.xcconfig */,
			);
			name = Pods;
			sourceTree = "<group>";
		};
		1A924A4DE4A3CD0156DDF285 /* Frameworks */ = {
			isa = PBXGroup;
			children = (
				388F9EBCF44A7CA494671FC3 /* Pods_LXStudent.framework */,
			);
			name = Frameworks;
			sourceTree = "<group>";
		};
		6C62313D1FA96DA800DCAF70 /* Third */ = {
			isa = PBXGroup;
			children = (
			);
			path = Third;
			sourceTree = "<group>";
		};
		6CD697881FA9A25900E9EFC0 /* Controller */ = {
			isa = PBXGroup;
			children = (
				6CD697891FA9A25900E9EFC0 /* LXMineViewController.swift */,
			);
			path = Controller;
			sourceTree = "<group>";
		};
		6CD6978E1FA9A26700E9EFC0 /* Controller */ = {
			isa = PBXGroup;
			children = (
				6CD6978F1FA9A26700E9EFC0 /* LXMessageViewController.swift */,
			);
			path = Controller;
			sourceTree = "<group>";
		};
		6CD697951FA9A27A00E9EFC0 /* Controller */ = {
			isa = PBXGroup;
			children = (
				6CD697961FA9A27A00E9EFC0 /* LXHomePageViewController.swift */,
			);
			path = Controller;
			sourceTree = "<group>";
		};
		6CD6979A1FA9A28600E9EFC0 /* Controller */ = {
			isa = PBXGroup;
			children = (
				6CD6979B1FA9A28600E9EFC0 /* LXAddressBookViewController.swift */,
			);
			path = Controller;
			sourceTree = "<group>";
		};
		6CDAA2591FA85ECC00E48D04 = {
			isa = PBXGroup;
			children = (
				6CDAA2641FA85ECC00E48D04 /* LXStudent */,
				6CDAA2631FA85ECC00E48D04 /* Products */,
				102D36FC61755431A29C3105 /* Pods */,
				1A924A4DE4A3CD0156DDF285 /* Frameworks */,
			);
			sourceTree = "<group>";
		};
		6CDAA2631FA85ECC00E48D04 /* Products */ = {
			isa = PBXGroup;
			children = (
				6CDAA2621FA85ECC00E48D04 /* LXStudent.app */,
			);
			name = Products;
			sourceTree = "<group>";
		};
		6CDAA2641FA85ECC00E48D04 /* LXStudent */ = {
			isa = PBXGroup;
			children = (
				6CDAA2771FA85F2000E48D04 /* Classes */,
				6C62313D1FA96DA800DCAF70 /* Third */,
				6CDAA2841FA85F2000E48D04 /* BridgeFile */,
				6CDAA2891FA85F2000E48D04 /* Category */,
				6CDAA2871FA85F2000E48D04 /* MacroFile */,
				6CDAA2651FA85ECC00E48D04 /* AppDelegate.swift */,
				6CDAA26C1FA85ECC00E48D04 /* Assets.xcassets */,
				6CDAA26E1FA85ECC00E48D04 /* LaunchScreen.storyboard */,
				6CDAA2711FA85ECC00E48D04 /* Info.plist */,
			);
			path = LXStudent;
			sourceTree = "<group>";
		};
		6CDAA2771FA85F2000E48D04 /* Classes */ = {
			isa = PBXGroup;
			children = (
				6CDAA27A1FA85F2000E48D04 /* HomePage */,
				6CDAA2781FA85F2000E48D04 /* AddressBook */,
				6CDAA27C1FA85F2000E48D04 /* Main */,
				6CDAA2801FA85F2000E48D04 /* Message */,
				6CDAA2821FA85F2000E48D04 /* Mine */,
			);
			path = Classes;
			sourceTree = "<group>";
		};
		6CDAA2781FA85F2000E48D04 /* AddressBook */ = {
			isa = PBXGroup;
			children = (
				6CD6979A1FA9A28600E9EFC0 /* Controller */,
			);
			path = AddressBook;
			sourceTree = "<group>";
		};
		6CDAA27A1FA85F2000E48D04 /* HomePage */ = {
			isa = PBXGroup;
			children = (
				6CD697951FA9A27A00E9EFC0 /* Controller */,
			);
			path = HomePage;
			sourceTree = "<group>";
		};
		6CDAA27C1FA85F2000E48D04 /* Main */ = {
			isa = PBXGroup;
			children = (
				6CDAA27D1FA85F2000E48D04 /* LXBaseViewController.swift */,
				6CDAA27E1FA85F2000E48D04 /* LXMainNavgationController.swift */,
				6CDAA27F1FA85F2000E48D04 /* LXMainTabBarController.swift */,
			);
			path = Main;
			sourceTree = "<group>";
		};
		6CDAA2801FA85F2000E48D04 /* Message */ = {
			isa = PBXGroup;
			children = (
				6CD6978E1FA9A26700E9EFC0 /* Controller */,
			);
			path = Message;
			sourceTree = "<group>";
		};
		6CDAA2821FA85F2000E48D04 /* Mine */ = {
			isa = PBXGroup;
			children = (
				6CD697881FA9A25900E9EFC0 /* Controller */,
			);
			path = Mine;
			sourceTree = "<group>";
		};
		6CDAA2841FA85F2000E48D04 /* BridgeFile */ = {
			isa = PBXGroup;
			children = (
				6CDAA2851FA85F2000E48D04 /* BridgeFile.h */,
			);
			path = BridgeFile;
			sourceTree = "<group>";
		};
		6CDAA2871FA85F2000E48D04 /* MacroFile */ = {
			isa = PBXGroup;
			children = (
				6CDAA2881FA85F2000E48D04 /* Header.h */,
			);
			path = MacroFile;
			sourceTree = "<group>";
		};
		6CDAA2891FA85F2000E48D04 /* Category */ = {
			isa = PBXGroup;
			children = (
				6CDAA28A1FA85F2000E48D04 /* Catergory */,
			);
			path = Category;
			sourceTree = "<group>";
		};
		6CDAA28A1FA85F2000E48D04 /* Catergory */ = {
			isa = PBXGroup;
			children = (
				6CDAA28B1FA85F2000E48D04 /* UIColor+LXExtension.h */,
				6CDAA28C1FA85F2000E48D04 /* UIColor+LXExtension.m */,
			);
			path = Catergory;
			sourceTree = "<group>";
		};
/* End PBXGroup section */

/* Begin PBXNativeTarget section */
		6CDAA2611FA85ECC00E48D04 /* LXStudent */ = {
			isa = PBXNativeTarget;
			buildConfigurationList = 6CDAA2741FA85ECC00E48D04 /* Build configuration list for PBXNativeTarget "LXStudent" */;
			buildPhases = (
				3281CD920E8BF191A317CB23 /* [CP] Check Pods Manifest.lock */,
				6CDAA25E1FA85ECC00E48D04 /* Sources */,
				6CDAA25F1FA85ECC00E48D04 /* Frameworks */,
				6CDAA2601FA85ECC00E48D04 /* Resources */,
				29EE9CF1F1525C957C0FCCAB /* [CP] Embed Pods Frameworks */,
				EC8E4DB9468391C3E8270061 /* [CP] Copy Pods Resources */,
			);
			buildRules = (
			);
			dependencies = (
			);
			name = LXStudent;
			productName = LXStudent;
			productReference = 6CDAA2621FA85ECC00E48D04 /* LXStudent.app */;
			productType = "com.apple.product-type.application";
		};
/* End PBXNativeTarget section */

/* Begin PBXProject section */
		6CDAA25A1FA85ECC00E48D04 /* Project object */ = {
			isa = PBXProject;
			attributes = {
				LastSwiftUpdateCheck = 0900;
				LastUpgradeCheck = 0900;
				ORGANIZATIONNAME = cheng.shang;
				TargetAttributes = {
					6CDAA2611FA85ECC00E48D04 = {
						CreatedOnToolsVersion = 9.0.1;
						ProvisioningStyle = Automatic;
					};
				};
			};
			buildConfigurationList = 6CDAA25D1FA85ECC00E48D04 /* Build configuration list for PBXProject "LXStudent" */;
			compatibilityVersion = "Xcode 8.0";
			developmentRegion = en;
			hasScannedForEncodings = 0;
			knownRegions = (
				en,
				Base,
			);
			mainGroup = 6CDAA2591FA85ECC00E48D04;
			productRefGroup = 6CDAA2631FA85ECC00E48D04 /* Products */;
			projectDirPath = "";
			projectRoot = "";
			targets = (
				6CDAA2611FA85ECC00E48D04 /* LXStudent */,
			);
		};
/* End PBXProject section */

/* Begin PBXResourcesBuildPhase section */
		6CDAA2601FA85ECC00E48D04 /* Resources */ = {
			isa = PBXResourcesBuildPhase;
			buildActionMask = 2147483647;
			files = (
				6CDAA2701FA85ECC00E48D04 /* LaunchScreen.storyboard in Resources */,
				6CDAA26D1FA85ECC00E48D04 /* Assets.xcassets in Resources */,
			);
			runOnlyForDeploymentPostprocessing = 0;
		};
/* End PBXResourcesBuildPhase section */

/* Begin PBXShellScriptBuildPhase section */
		29EE9CF1F1525C957C0FCCAB /* [CP] Embed Pods Frameworks */ = {
			isa = PBXShellScriptBuildPhase;
			buildActionMask = 2147483647;
			files = (
			);
			inputPaths = (
				"${SRCROOT}/Pods/Target Support Files/Pods-LXStudent/Pods-LXStudent-frameworks.sh",
				"${BUILT_PRODUCTS_DIR}/Mantle/Mantle.framework",
				"${BUILT_PRODUCTS_DIR}/ReactiveSwift/ReactiveSwift.framework",
				"${BUILT_PRODUCTS_DIR}/Result/Result.framework",
				"${BUILT_PRODUCTS_DIR}/UITableView+FDTemplateLayoutCell/UITableView_FDTemplateLayoutCell.framework",
				"${BUILT_PRODUCTS_DIR}/YYKit/YYKit.framework",
			);
			name = "[CP] Embed Pods Frameworks";
			outputPaths = (
				"${TARGET_BUILD_DIR}/${FRAMEWORKS_FOLDER_PATH}/Mantle.framework",
				"${TARGET_BUILD_DIR}/${FRAMEWORKS_FOLDER_PATH}/ReactiveSwift.framework",
				"${TARGET_BUILD_DIR}/${FRAMEWORKS_FOLDER_PATH}/Result.framework",
				"${TARGET_BUILD_DIR}/${FRAMEWORKS_FOLDER_PATH}/UITableView_FDTemplateLayoutCell.framework",
				"${TARGET_BUILD_DIR}/${FRAMEWORKS_FOLDER_PATH}/YYKit.framework",
			);
			runOnlyForDeploymentPostprocessing = 0;
			shellPath = /bin/sh;
			shellScript = "\"${SRCROOT}/Pods/Target Support Files/Pods-LXStudent/Pods-LXStudent-frameworks.sh\"\n";
			showEnvVarsInLog = 0;
		};
		3281CD920E8BF191A317CB23 /* [CP] Check Pods Manifest.lock */ = {
			isa = PBXShellScriptBuildPhase;
			buildActionMask = 2147483647;
			files = (
			);
			inputPaths = (
				"${PODS_PODFILE_DIR_PATH}/Podfile.lock",
				"${PODS_ROOT}/Manifest.lock",
			);
			name = "[CP] Check Pods Manifest.lock";
			outputPaths = (
				"$(DERIVED_FILE_DIR)/Pods-LXStudent-checkManifestLockResult.txt",
			);
			runOnlyForDeploymentPostprocessing = 0;
			shellPath = /bin/sh;
			shellScript = "diff \"${PODS_PODFILE_DIR_PATH}/Podfile.lock\" \"${PODS_ROOT}/Manifest.lock\" > /dev/null\nif [ $? != 0 ] ; then\n    # print error to STDERR\n    echo \"error: The sandbox is not in sync with the Podfile.lock. Run 'pod install' or update your CocoaPods installation.\" >&2\n    exit 1\nfi\n# This output is used by Xcode 'outputs' to avoid re-running this script phase.\necho \"SUCCESS\" > \"${SCRIPT_OUTPUT_FILE_0}\"\n";
			showEnvVarsInLog = 0;
		};
		EC8E4DB9468391C3E8270061 /* [CP] Copy Pods Resources */ = {
			isa = PBXShellScriptBuildPhase;
			buildActionMask = 2147483647;
			files = (
			);
			inputPaths = (
			);
			name = "[CP] Copy Pods Resources";
			outputPaths = (
			);
			runOnlyForDeploymentPostprocessing = 0;
			shellPath = /bin/sh;
			shellScript = "\"${SRCROOT}/Pods/Target Support Files/Pods-LXStudent/Pods-LXStudent-resources.sh\"\n";
			showEnvVarsInLog = 0;
		};
/* End PBXShellScriptBuildPhase section */

/* Begin PBXSourcesBuildPhase section */
		6CDAA25E1FA85ECC00E48D04 /* Sources */ = {
			isa = PBXSourcesBuildPhase;
			buildActionMask = 2147483647;
			files = (
				6CDAA2661FA85ECC00E48D04 /* AppDelegate.swift in Sources */,
				6CD697931FA9A26700E9EFC0 /* LXMessageViewController.swift in Sources */,
				6CD697991FA9A27A00E9EFC0 /* LXHomePageViewController.swift in Sources */,
				6CDAA2951FA85F2000E48D04 /* UIColor+LXExtension.m in Sources */,
				6CD6979F1FA9A28600E9EFC0 /* LXAddressBookViewController.swift in Sources */,
				6CDAA2911FA85F2000E48D04 /* LXMainNavgationController.swift in Sources */,
				6CD6978D1FA9A25900E9EFC0 /* LXMineViewController.swift in Sources */,
				6CDAA2901FA85F2000E48D04 /* LXBaseViewController.swift in Sources */,
				6CDAA2921FA85F2000E48D04 /* LXMainTabBarController.swift in Sources */,
			);
			runOnlyForDeploymentPostprocessing = 0;
		};
/* End PBXSourcesBuildPhase section */

/* Begin PBXVariantGroup section */
		6CDAA26E1FA85ECC00E48D04 /* LaunchScreen.storyboard */ = {
			isa = PBXVariantGroup;
			children = (
				6CDAA26F1FA85ECC00E48D04 /* Base */,
			);
			name = LaunchScreen.storyboard;
			sourceTree = "<group>";
		};
/* End PBXVariantGroup section */

/* Begin XCBuildConfiguration section */
		6CDAA2721FA85ECC00E48D04 /* Debug */ = {
			isa = XCBuildConfiguration;
			buildSettings = {
				ALWAYS_SEARCH_USER_PATHS = NO;
				CLANG_ANALYZER_NONNULL = YES;
				CLANG_ANALYZER_NUMBER_OBJECT_CONVERSION = YES_AGGRESSIVE;
				CLANG_CXX_LANGUAGE_STANDARD = "gnu++14";
				CLANG_CXX_LIBRARY = "libc++";
				CLANG_ENABLE_MODULES = YES;
				CLANG_ENABLE_OBJC_ARC = YES;
				CLANG_WARN_BLOCK_CAPTURE_AUTORELEASING = YES;
				CLANG_WARN_BOOL_CONVERSION = YES;
				CLANG_WARN_COMMA = YES;
				CLANG_WARN_CONSTANT_CONVERSION = YES;
				CLANG_WARN_DIRECT_OBJC_ISA_USAGE = YES_ERROR;
				CLANG_WARN_DOCUMENTATION_COMMENTS = YES;
				CLANG_WARN_EMPTY_BODY = YES;
				CLANG_WARN_ENUM_CONVERSION = YES;
				CLANG_WARN_INFINITE_RECURSION = YES;
				CLANG_WARN_INT_CONVERSION = YES;
				CLANG_WARN_NON_LITERAL_NULL_CONVERSION = YES;
				CLANG_WARN_OBJC_LITERAL_CONVERSION = YES;
				CLANG_WARN_OBJC_ROOT_CLASS = YES_ERROR;
				CLANG_WARN_RANGE_LOOP_ANALYSIS = YES;
				CLANG_WARN_STRICT_PROTOTYPES = YES;
				CLANG_WARN_SUSPICIOUS_MOVE = YES;
				CLANG_WARN_UNGUARDED_AVAILABILITY = YES_AGGRESSIVE;
				CLANG_WARN_UNREACHABLE_CODE = YES;
				CLANG_WARN__DUPLICATE_METHOD_MATCH = YES;
				CODE_SIGN_IDENTITY = "iPhone Developer";
				COPY_PHASE_STRIP = NO;
				DEBUG_INFORMATION_FORMAT = dwarf;
				ENABLE_STRICT_OBJC_MSGSEND = YES;
				ENABLE_TESTABILITY = YES;
				GCC_C_LANGUAGE_STANDARD = gnu11;
				GCC_DYNAMIC_NO_PIC = NO;
				GCC_NO_COMMON_BLOCKS = YES;
				GCC_OPTIMIZATION_LEVEL = 0;
				GCC_PREPROCESSOR_DEFINITIONS = (
					"DEBUG=1",
					"$(inherited)",
				);
				GCC_WARN_64_TO_32_BIT_CONVERSION = YES;
				GCC_WARN_ABOUT_RETURN_TYPE = YES_ERROR;
				GCC_WARN_UNDECLARED_SELECTOR = YES;
				GCC_WARN_UNINITIALIZED_AUTOS = YES_AGGRESSIVE;
				GCC_WARN_UNUSED_FUNCTION = YES;
				GCC_WARN_UNUSED_VARIABLE = YES;
				IPHONEOS_DEPLOYMENT_TARGET = 11.0;
				MTL_ENABLE_DEBUG_INFO = YES;
				ONLY_ACTIVE_ARCH = YES;
				SDKROOT = iphoneos;
				SWIFT_ACTIVE_COMPILATION_CONDITIONS = DEBUG;
				SWIFT_OPTIMIZATION_LEVEL = "-Onone";
			};
			name = Debug;
		};
		6CDAA2731FA85ECC00E48D04 /* Release */ = {
			isa = XCBuildConfiguration;
			buildSettings = {
				ALWAYS_SEARCH_USER_PATHS = NO;
				CLANG_ANALYZER_NONNULL = YES;
				CLANG_ANALYZER_NUMBER_OBJECT_CONVERSION = YES_AGGRESSIVE;
				CLANG_CXX_LANGUAGE_STANDARD = "gnu++14";
				CLANG_CXX_LIBRARY = "libc++";
				CLANG_ENABLE_MODULES = YES;
				CLANG_ENABLE_OBJC_ARC = YES;
				CLANG_WARN_BLOCK_CAPTURE_AUTORELEASING = YES;
				CLANG_WARN_BOOL_CONVERSION = YES;
				CLANG_WARN_COMMA = YES;
				CLANG_WARN_CONSTANT_CONVERSION = YES;
				CLANG_WARN_DIRECT_OBJC_ISA_USAGE = YES_ERROR;
				CLANG_WARN_DOCUMENTATION_COMMENTS = YES;
				CLANG_WARN_EMPTY_BODY = YES;
				CLANG_WARN_ENUM_CONVERSION = YES;
				CLANG_WARN_INFINITE_RECURSION = YES;
				CLANG_WARN_INT_CONVERSION = YES;
				CLANG_WARN_NON_LITERAL_NULL_CONVERSION = YES;
				CLANG_WARN_OBJC_LITERAL_CONVERSION = YES;
				CLANG_WARN_OBJC_ROOT_CLASS = YES_ERROR;
				CLANG_WARN_RANGE_LOOP_ANALYSIS = YES;
				CLANG_WARN_STRICT_PROTOTYPES = YES;
				CLANG_WARN_SUSPICIOUS_MOVE = YES;
				CLANG_WARN_UNGUARDED_AVAILABILITY = YES_AGGRESSIVE;
				CLANG_WARN_UNREACHABLE_CODE = YES;
				CLANG_WARN__DUPLICATE_METHOD_MATCH = YES;
				CODE_SIGN_IDENTITY = "iPhone Developer";
				COPY_PHASE_STRIP = NO;
				DEBUG_INFORMATION_FORMAT = "dwarf-with-dsym";
				ENABLE_NS_ASSERTIONS = NO;
				ENABLE_STRICT_OBJC_MSGSEND = YES;
				GCC_C_LANGUAGE_STANDARD = gnu11;
				GCC_NO_COMMON_BLOCKS = YES;
				GCC_WARN_64_TO_32_BIT_CONVERSION = YES;
				GCC_WARN_ABOUT_RETURN_TYPE = YES_ERROR;
				GCC_WARN_UNDECLARED_SELECTOR = YES;
				GCC_WARN_UNINITIALIZED_AUTOS = YES_AGGRESSIVE;
				GCC_WARN_UNUSED_FUNCTION = YES;
				GCC_WARN_UNUSED_VARIABLE = YES;
				IPHONEOS_DEPLOYMENT_TARGET = 11.0;
				MTL_ENABLE_DEBUG_INFO = NO;
				SDKROOT = iphoneos;
				SWIFT_OPTIMIZATION_LEVEL = "-Owholemodule";
				VALIDATE_PRODUCT = YES;
			};
			name = Release;
		};
		6CDAA2751FA85ECC00E48D04 /* Debug */ = {
			isa = XCBuildConfiguration;
			baseConfigurationReference = 906C0EDBBC6D344D8FDCA7F8 /* Pods-LXStudent.debug.xcconfig */;
			buildSettings = {
				ASSETCATALOG_COMPILER_APPICON_NAME = AppIcon;
				CODE_SIGN_STYLE = Automatic;
				DEVELOPMENT_TEAM = JAXK4J2MRS;
				INFOPLIST_FILE = LXStudent/Info.plist;
				LD_RUNPATH_SEARCH_PATHS = "$(inherited) @executable_path/Frameworks";
				PRODUCT_BUNDLE_IDENTIFIER = anshilinxin.com.cn.LXStudent;
				PRODUCT_NAME = "$(TARGET_NAME)";
				SWIFT_OBJC_BRIDGING_HEADER = /Users/heartjhl/Desktop/SwiftProject/LXStudent/LXStudent/BridgeFile/BridgeFile.h;
				SWIFT_VERSION = 4.0;
				TARGETED_DEVICE_FAMILY = "1,2";
			};
			name = Debug;
		};
		6CDAA2761FA85ECC00E48D04 /* Release */ = {
			isa = XCBuildConfiguration;
			baseConfigurationReference = F118F221FC7986A79EA91C75 /* Pods-LXStudent.release.xcconfig */;
			buildSettings = {
				ASSETCATALOG_COMPILER_APPICON_NAME = AppIcon;
				CODE_SIGN_STYLE = Automatic;
				DEVELOPMENT_TEAM = JAXK4J2MRS;
				INFOPLIST_FILE = LXStudent/Info.plist;
				LD_RUNPATH_SEARCH_PATHS = "$(inherited) @executable_path/Frameworks";
				PRODUCT_BUNDLE_IDENTIFIER = anshilinxin.com.cn.LXStudent;
				PRODUCT_NAME = "$(TARGET_NAME)";
				SWIFT_OBJC_BRIDGING_HEADER = /Users/heartjhl/Desktop/SwiftProject/LXStudent/LXStudent/BridgeFile/BridgeFile.h;
				SWIFT_VERSION = 4.0;
				TARGETED_DEVICE_FAMILY = "1,2";
			};
			name = Release;
		};
/* End XCBuildConfiguration section */

/* Begin XCConfigurationList section */
		6CDAA25D1FA85ECC00E48D04 /* Build configuration list for PBXProject "LXStudent" */ = {
			isa = XCConfigurationList;
			buildConfigurations = (
				6CDAA2721FA85ECC00E48D04 /* Debug */,
				6CDAA2731FA85ECC00E48D04 /* Release */,
			);
			defaultConfigurationIsVisible = 0;
			defaultConfigurationName = Release;
		};
		6CDAA2741FA85ECC00E48D04 /* Build configuration list for PBXNativeTarget "LXStudent" */ = {
			isa = XCConfigurationList;
			buildConfigurations = (
				6CDAA2751FA85ECC00E48D04 /* Debug */,
				6CDAA2761FA85ECC00E48D04 /* Release */,
			);
			defaultConfigurationIsVisible = 0;
			defaultConfigurationName = Release;
		};
/* End XCConfigurationList section */
	};
	rootObject = 6CDAA25A1FA85ECC00E48D04 /* Project object */;
}
